
Microsoft Visual Studio Solution File, Format Version 12.00
# Visual Studio Version 17
VisualStudioVersion = 17.8.34322.80
MinimumVisualStudioVersion = 10.0.40219.1
Project("{FAE04EC0-301F-11D3-BF4B-00C04F79EFBC}") = "DEMO_CSDL", "DEMO_CSDL\DEMO_CSDL.csproj", "{B0BF2A11-ED4A-40FE-9D6C-FEB4F0C65FA6}"
EndProject
Global
	GlobalSection(SolutionConfigurationPlatforms) = preSolution
		Debug|Any CPU = Debug|Any CPU
		Release|Any CPU = Release|Any CPU
	EndGlobalSection
	GlobalSection(ProjectConfigurationPlatforms) = postSolution
		{B0BF2A11-ED4A-40FE-9D6C-FEB4F0C65FA6}.Debug|Any CPU.ActiveCfg = Debug|Any CPU
		{B0BF2A11-ED4A-40FE-9D6C-FEB4F0C65FA6}.Debug|Any CPU.Build.0 = Debug|Any CPU
		{B0BF2A11-ED4A-40FE-9D6C-FEB4F0C65FA6}.Release|Any CPU.ActiveCfg = Release|Any CPU
		{B0BF2A11-ED4A-40FE-9D6C-FEB4F0C65FA6}.Release|Any CPU.Build.0 = Release|Any CPU
	EndGlobalSection
	GlobalSection(SolutionProperties) = preSolution
		HideSolutionNode = FALSE
	EndGlobalSection
	GlobalSection(ExtensibilityGlobals) = postSolution
		SolutionGuid = {82C58B20-8704-4937-9280-82C1A6938423}
	EndGlobalSection
EndGlobal
